
Microsoft Visual Studio Solution File, Format Version 12.00
# Visual Studio Version 16
VisualStudioVersion = 16.0.30717.126
MinimumVisualStudioVersion = 10.0.40219.1
Project("{FAE04EC0-301F-11D3-BF4B-00C04F79EFBC}") = "FirstWCFService_110", "FirstWCFService_110\FirstWCFService_110.csproj", "{0927E6D4-0C90-4FC7-AFC2-382D70C5B753}"
EndProject
Global
	GlobalSection(SolutionConfigurationPlatforms) = preSolution
		Debug|Any CPU = Debug|Any CPU
		Release|Any CPU = Release|Any CPU
	EndGlobalSection
	GlobalSection(ProjectConfigurationPlatforms) = postSolution
		{0927E6D4-0C90-4FC7-AFC2-382D70C5B753}.Debug|Any CPU.ActiveCfg = Debug|Any CPU
		{0927E6D4-0C90-4FC7-AFC2-382D70C5B753}.Debug|Any CPU.Build.0 = Debug|Any CPU
		{0927E6D4-0C90-4FC7-AFC2-382D70C5B753}.Release|Any CPU.ActiveCfg = Release|Any CPU
		{0927E6D4-0C90-4FC7-AFC2-382D70C5B753}.Release|Any CPU.Build.0 = Release|Any CPU
	EndGlobalSection
	GlobalSection(SolutionProperties) = preSolution
		HideSolutionNode = FALSE
	EndGlobalSection
	GlobalSection(ExtensibilityGlobals) = postSolution
		SolutionGuid = {C9D1D3E1-B02C-4849-BA95-2CE901776AE6}
	EndGlobalSection
EndGlobal
